github.com/hugelgupf/p9 v0.4.1 h1:04RUBWSYlvP38QX8At5VXnMTg9qNEnbP/548aMLtfsk=
github.com/hugelgupf/p9 v0.4.1/go.mod h1:LoNwfBWP+QlCkjS1GFNylCthRIk/TkMZd6ICTbC+hrI=
github.com/hugelgupf/socketpair v0.0.0-20230822150718-707395b1939a h1:Nq7wDsqsVBUBfGn8yB1M028ShWTKTtZBcafaTJ35N0s=
github.com/hugelgupf/socketpair v0.0.0-20230822150718-707395b1939a/go.mod h1:71Bqb5Fh9zPHF8jwdmMEmJObzr25Mx5pWLbDBMMEn6E=
github.com/josharian/native v1.0.1-0.20221213033349-c1e37c09b531/go.mod h1:7X/raswPFr05uY3HiLlYeyQntB6OO7E/d2Cu7qoaN2w=
github.com/pierrec/lz4/v4 v4.1.14/go.mod h1:gZWDp/Ze/IJXGXf23ltt2EXimqmTUXEy0GFuRQyBid4=
github.com/u-root/uio v0.0.0-20230305220412-3e8cd9d6bf63 h1:YcojQL98T/OO+rybuzn2+5KrD5dBwXIvYBvQ2cD3Avg=
github.com/u-root/uio v0.0.0-20230305220412-3e8cd9d6bf63/go.mod h1:eLL9Nub3yfAho7qB0MzZizFhTU2QkLeoVsWdHtDW264=
golang.org/x/sys v0.0.0-20220622161953-175b2fd9d664/go.mod h1:oPkhp1MJrh7nUepCBck5+mAzfO9JrbApNNgaTdGDITg=
golang.org/x/sys v0.15.0 h1:h48lPFYpsTvQJZF4EKyI4aLHaev3CxivZmv7yZig9pc=
golang.org/x/sys v0.15.0/go.mod h1:/VUhepiaJMQUp4+oa/7Zr1D23ma6VTLIYjOOTFZPUcA=
